
Microsoft Visual Studio Solution File, Format Version 12.00
# Visual Studio Version 17
VisualStudioVersion = 17.10.35013.160
MinimumVisualStudioVersion = 10.0.40219.1
Project("{FAE04EC0-301F-11D3-BF4B-00C04F79EFBC}") = "LoginUsingMiddleware", "LoginUsingMiddleware.csproj", "{0E3ABD58-4F0C-40EA-9D2E-A3324DF89D77}"
EndProject
Global
	GlobalSection(SolutionConfigurationPlatforms) = preSolution
		Debug|Any CPU = Debug|Any CPU
		Release|Any CPU = Release|Any CPU
	EndGlobalSection
	GlobalSection(ProjectConfigurationPlatforms) = postSolution
		{0E3ABD58-4F0C-40EA-9D2E-A3324DF89D77}.Debug|Any CPU.ActiveCfg = Debug|Any CPU
		{0E3ABD58-4F0C-40EA-9D2E-A3324DF89D77}.Debug|Any CPU.Build.0 = Debug|Any CPU
		{0E3ABD58-4F0C-40EA-9D2E-A3324DF89D77}.Release|Any CPU.ActiveCfg = Release|Any CPU
		{0E3ABD58-4F0C-40EA-9D2E-A3324DF89D77}.Release|Any CPU.Build.0 = Release|Any CPU
	EndGlobalSection
	GlobalSection(SolutionProperties) = preSolution
		HideSolutionNode = FALSE
	EndGlobalSection
	GlobalSection(ExtensibilityGlobals) = postSolution
		SolutionGuid = {2241B128-EDE2-4D8B-8248-561DDE15E969}
	EndGlobalSection
EndGlobal
